
Microsoft Visual Studio Solution File, Format Version 12.00
# Visual Studio Version 17
VisualStudioVersion = 17.7.34202.233
MinimumVisualStudioVersion = 10.0.40219.1
Project("{9A19103F-16F7-4668-BE54-9A1E7A4F7556}") = "CountValidStrings", "CountValidStrings1\CountValidStrings.csproj", "{06441E66-5A86-453F-9FFB-53F2C56D31B4}"
EndProject
Global
	GlobalSection(SolutionConfigurationPlatforms) = preSolution
		Debug|Any CPU = Debug|Any CPU
		Release|Any CPU = Release|Any CPU
	EndGlobalSection
	GlobalSection(ProjectConfigurationPlatforms) = postSolution
		{06441E66-5A86-453F-9FFB-53F2C56D31B4}.Debug|Any CPU.ActiveCfg = Debug|Any CPU
		{06441E66-5A86-453F-9FFB-53F2C56D31B4}.Debug|Any CPU.Build.0 = Debug|Any CPU
		{06441E66-5A86-453F-9FFB-53F2C56D31B4}.Release|Any CPU.ActiveCfg = Release|Any CPU
		{06441E66-5A86-453F-9FFB-53F2C56D31B4}.Release|Any CPU.Build.0 = Release|Any CPU
	EndGlobalSection
	GlobalSection(SolutionProperties) = preSolution
		HideSolutionNode = FALSE
	EndGlobalSection
	GlobalSection(ExtensibilityGlobals) = postSolution
		SolutionGuid = {81337670-3C15-46E6-9B7B-4F733B0FA93A}
	EndGlobalSection
EndGlobal
